// !$*UTF8*$!
{
	archiveVersion = 1;
	classes = {
	};
	objectVersion = 46;
	objects = {

/* Begin PBXBuildFile section */
		2B4461E21E501C600000BC34 /* BaseCell.swift in Sources */ = {isa = PBXBuildFile; fileRef = 2B4461E11E501C600000BC34 /* BaseCell.swift */; };
		2B4461E41E501F600000BC34 /* CustomerRegistrationController+Handler.swift in Sources */ = {isa = PBXBuildFile; fileRef = 2B4461E31E501F600000BC34 /* CustomerRegistrationController+Handler.swift */; };
		2B81831C1E5645C30047112F /* UICustomTextView.swift in Sources */ = {isa = PBXBuildFile; fileRef = 2B81831B1E5645C30047112F /* UICustomTextView.swift */; };
		2BD608DD1E543EC90010A028 /* JobCell.swift in Sources */ = {isa = PBXBuildFile; fileRef = 2BD608DC1E543EC90010A028 /* JobCell.swift */; };
		2BD608DF1E543F490010A028 /* Job.swift in Sources */ = {isa = PBXBuildFile; fileRef = 2BD608DE1E543F490010A028 /* Job.swift */; };
		2BD608E21E556ECD0010A028 /* JobRegistrationController.swift in Sources */ = {isa = PBXBuildFile; fileRef = 2BD608E11E556ECD0010A028 /* JobRegistrationController.swift */; };
		2BD608E41E5573910010A028 /* JobRegistrationController+Handlers.swift in Sources */ = {isa = PBXBuildFile; fileRef = 2BD608E31E5573910010A028 /* JobRegistrationController+Handlers.swift */; };
		2BF209F81E4DC79700ACDFA0 /* AppDelegate.swift in Sources */ = {isa = PBXBuildFile; fileRef = 2BF209F71E4DC79700ACDFA0 /* AppDelegate.swift */; };
		2BF209FA1E4DC79700ACDFA0 /* LoginRegisterController.swift in Sources */ = {isa = PBXBuildFile; fileRef = 2BF209F91E4DC79700ACDFA0 /* LoginRegisterController.swift */; };
		2BF209FF1E4DC79700ACDFA0 /* Assets.xcassets in Resources */ = {isa = PBXBuildFile; fileRef = 2BF209FE1E4DC79700ACDFA0 /* Assets.xcassets */; };
		2BF20A021E4DC79700ACDFA0 /* LaunchScreen.storyboard in Resources */ = {isa = PBXBuildFile; fileRef = 2BF20A001E4DC79700ACDFA0 /* LaunchScreen.storyboard */; };
		2BF20A181E4DC7E000ACDFA0 /* CustomerTests.swift in Sources */ = {isa = PBXBuildFile; fileRef = 2BF20A171E4DC7E000ACDFA0 /* CustomerTests.swift */; };
		2BF20A1D1E4DC95000ACDFA0 /* Customer.swift in Sources */ = {isa = PBXBuildFile; fileRef = 2BF20A1C1E4DC95000ACDFA0 /* Customer.swift */; };
		2BF20A201E4DD14300ACDFA0 /* WirkTabBarController.swift in Sources */ = {isa = PBXBuildFile; fileRef = 2BF20A1F1E4DD14300ACDFA0 /* WirkTabBarController.swift */; };
		2BF20A221E4DD24900ACDFA0 /* SettingsController.swift in Sources */ = {isa = PBXBuildFile; fileRef = 2BF20A211E4DD24900ACDFA0 /* SettingsController.swift */; };
		2BF20A241E4DD5D600ACDFA0 /* SettingsTest.swift in Sources */ = {isa = PBXBuildFile; fileRef = 2BF20A231E4DD5D600ACDFA0 /* SettingsTest.swift */; };
		2BF20A261E4E568A00ACDFA0 /* InputsContainerView.swift in Sources */ = {isa = PBXBuildFile; fileRef = 2BF20A251E4E568A00ACDFA0 /* InputsContainerView.swift */; };
		2BF20A2A1E4E6EC600ACDFA0 /* LoginRegisterController+Handler.swift in Sources */ = {isa = PBXBuildFile; fileRef = 2BF20A291E4E6EC600ACDFA0 /* LoginRegisterController+Handler.swift */; };
		2BF20A2D1E4E866E00ACDFA0 /* Extensions.swift in Sources */ = {isa = PBXBuildFile; fileRef = 2BF20A2C1E4E866E00ACDFA0 /* Extensions.swift */; };
		2BF20A2F1E4EE8F100ACDFA0 /* System.swift in Sources */ = {isa = PBXBuildFile; fileRef = 2BF20A2E1E4EE8F100ACDFA0 /* System.swift */; };
		2BF20A331E4EF44C00ACDFA0 /* User.swift in Sources */ = {isa = PBXBuildFile; fileRef = 2BF20A321E4EF44C00ACDFA0 /* User.swift */; };
		2BF20A351E4EFD3A00ACDFA0 /* GoogleService-Info.plist in Resources */ = {isa = PBXBuildFile; fileRef = 2BF20A341E4EFD3A00ACDFA0 /* GoogleService-Info.plist */; };
		2BF20A371E50013C00ACDFA0 /* CustomerRegistrationController.swift in Sources */ = {isa = PBXBuildFile; fileRef = 2BF20A361E50013C00ACDFA0 /* CustomerRegistrationController.swift */; };
		2BF20A391E5001F600ACDFA0 /* CustomerController.swift in Sources */ = {isa = PBXBuildFile; fileRef = 2BF20A381E5001F600ACDFA0 /* CustomerController.swift */; };
		319E24358CF777C69B947A3A /* Pods_wirk.framework in Frameworks */ = {isa = PBXBuildFile; fileRef = 700FDC8AE8A368A07260E4EA /* Pods_wirk.framework */; };
		E30082C0579D4D36EE0369EC /* Pods_wirkTests.framework in Frameworks */ = {isa = PBXBuildFile; fileRef = A73A6D395CE2C4CB32FA160C /* Pods_wirkTests.framework */; };
/* End PBXBuildFile section */

/* Begin PBXContainerItemProxy section */
		2BF20A091E4DC79800ACDFA0 /* PBXContainerItemProxy */ = {
			isa = PBXContainerItemProxy;
			containerPortal = 2BF209EC1E4DC79700ACDFA0 /* Project object */;
			proxyType = 1;
			remoteGlobalIDString = 2BF209F31E4DC79700ACDFA0;
			remoteInfo = wirk;
		};
/* End PBXContainerItemProxy section */

/* Begin PBXFileReference section */
		1E86105D9C277AF4B775160A /* Pods-wirkTests.release.xcconfig */ = {isa = PBXFileReference; includeInIndex = 1; lastKnownFileType = text.xcconfig; name = "Pods-wirkTests.release.xcconfig"; path = "Pods/Target Support Files/Pods-wirkTests/Pods-wirkTests.release.xcconfig"; sourceTree = "<group>"; };
		2B4461E11E501C600000BC34 /* BaseCell.swift */ = {isa = PBXFileReference; fileEncoding = 4; lastKnownFileType = sourcecode.swift; path = BaseCell.swift; sourceTree = "<group>"; };
		2B4461E31E501F600000BC34 /* CustomerRegistrationController+Handler.swift */ = {isa = PBXFileReference; fileEncoding = 4; lastKnownFileType = sourcecode.swift; path = "CustomerRegistrationController+Handler.swift"; sourceTree = "<group>"; };
		2B81831B1E5645C30047112F /* UICustomTextView.swift */ = {isa = PBXFileReference; fileEncoding = 4; lastKnownFileType = sourcecode.swift; path = UICustomTextView.swift; sourceTree = "<group>"; };
		2BD608DC1E543EC90010A028 /* JobCell.swift */ = {isa = PBXFileReference; fileEncoding = 4; lastKnownFileType = sourcecode.swift; path = JobCell.swift; sourceTree = "<group>"; };
		2BD608DE1E543F490010A028 /* Job.swift */ = {isa = PBXFileReference; fileEncoding = 4; lastKnownFileType = sourcecode.swift; path = Job.swift; sourceTree = "<group>"; };
		2BD608E11E556ECD0010A028 /* JobRegistrationController.swift */ = {isa = PBXFileReference; fileEncoding = 4; lastKnownFileType = sourcecode.swift; path = JobRegistrationController.swift; sourceTree = "<group>"; };
		2BD608E31E5573910010A028 /* JobRegistrationController+Handlers.swift */ = {isa = PBXFileReference; fileEncoding = 4; lastKnownFileType = sourcecode.swift; path = "JobRegistrationController+Handlers.swift"; sourceTree = "<group>"; };
		2BF209F41E4DC79700ACDFA0 /* wirk.app */ = {isa = PBXFileReference; explicitFileType = wrapper.application; includeInIndex = 0; path = wirk.app; sourceTree = BUILT_PRODUCTS_DIR; };
		2BF209F71E4DC79700ACDFA0 /* AppDelegate.swift */ = {isa = PBXFileReference; lastKnownFileType = sourcecode.swift; path = AppDelegate.swift; sourceTree = "<group>"; };
		2BF209F91E4DC79700ACDFA0 /* LoginRegisterController.swift */ = {isa = PBXFileReference; lastKnownFileType = sourcecode.swift; path = LoginRegisterController.swift; sourceTree = "<group>"; };
		2BF209FE1E4DC79700ACDFA0 /* Assets.xcassets */ = {isa = PBXFileReference; lastKnownFileType = folder.assetcatalog; path = Assets.xcassets; sourceTree = "<group>"; };
		2BF20A011E4DC79700ACDFA0 /* Base */ = {isa = PBXFileReference; lastKnownFileType = file.storyboard; name = Base; path = Base.lproj/LaunchScreen.storyboard; sourceTree = "<group>"; };
		2BF20A031E4DC79700ACDFA0 /* Info.plist */ = {isa = PBXFileReference; lastKnownFileType = text.plist.xml; path = Info.plist; sourceTree = "<group>"; };
		2BF20A081E4DC79800ACDFA0 /* wirkTests.xctest */ = {isa = PBXFileReference; explicitFileType = wrapper.cfbundle; includeInIndex = 0; path = wirkTests.xctest; sourceTree = BUILT_PRODUCTS_DIR; };
		2BF20A0E1E4DC79800ACDFA0 /* Info.plist */ = {isa = PBXFileReference; lastKnownFileType = text.plist.xml; path = Info.plist; sourceTree = "<group>"; };
		2BF20A171E4DC7E000ACDFA0 /* CustomerTests.swift */ = {isa = PBXFileReference; fileEncoding = 4; lastKnownFileType = sourcecode.swift; path = CustomerTests.swift; sourceTree = "<group>"; };
		2BF20A1C1E4DC95000ACDFA0 /* Customer.swift */ = {isa = PBXFileReference; fileEncoding = 4; lastKnownFileType = sourcecode.swift; path = Customer.swift; sourceTree = "<group>"; };
		2BF20A1F1E4DD14300ACDFA0 /* WirkTabBarController.swift */ = {isa = PBXFileReference; fileEncoding = 4; lastKnownFileType = sourcecode.swift; path = WirkTabBarController.swift; sourceTree = "<group>"; };
		2BF20A211E4DD24900ACDFA0 /* SettingsController.swift */ = {isa = PBXFileReference; fileEncoding = 4; lastKnownFileType = sourcecode.swift; path = SettingsController.swift; sourceTree = "<group>"; };
		2BF20A231E4DD5D600ACDFA0 /* SettingsTest.swift */ = {isa = PBXFileReference; fileEncoding = 4; lastKnownFileType = sourcecode.swift; path = SettingsTest.swift; sourceTree = "<group>"; };
		2BF20A251E4E568A00ACDFA0 /* InputsContainerView.swift */ = {isa = PBXFileReference; fileEncoding = 4; lastKnownFileType = sourcecode.swift; path = InputsContainerView.swift; sourceTree = "<group>"; };
		2BF20A291E4E6EC600ACDFA0 /* LoginRegisterController+Handler.swift */ = {isa = PBXFileReference; fileEncoding = 4; lastKnownFileType = sourcecode.swift; path = "LoginRegisterController+Handler.swift"; sourceTree = "<group>"; };
		2BF20A2C1E4E866E00ACDFA0 /* Extensions.swift */ = {isa = PBXFileReference; fileEncoding = 4; lastKnownFileType = sourcecode.swift; path = Extensions.swift; sourceTree = "<group>"; };
		2BF20A2E1E4EE8F100ACDFA0 /* System.swift */ = {isa = PBXFileReference; fileEncoding = 4; lastKnownFileType = sourcecode.swift; path = System.swift; sourceTree = "<group>"; };
		2BF20A321E4EF44C00ACDFA0 /* User.swift */ = {isa = PBXFileReference; fileEncoding = 4; lastKnownFileType = sourcecode.swift; path = User.swift; sourceTree = "<group>"; };
		2BF20A341E4EFD3A00ACDFA0 /* GoogleService-Info.plist */ = {isa = PBXFileReference; fileEncoding = 4; lastKnownFileType = text.plist.xml; path = "GoogleService-Info.plist"; sourceTree = "<group>"; };
		2BF20A361E50013C00ACDFA0 /* CustomerRegistrationController.swift */ = {isa = PBXFileReference; fileEncoding = 4; lastKnownFileType = sourcecode.swift; path = CustomerRegistrationController.swift; sourceTree = "<group>"; };
		2BF20A381E5001F600ACDFA0 /* CustomerController.swift */ = {isa = PBXFileReference; fileEncoding = 4; lastKnownFileType = sourcecode.swift; path = CustomerController.swift; sourceTree = "<group>"; };
		699834A6A298C6E5DC43C5BA /* Pods-wirk.debug.xcconfig */ = {isa = PBXFileReference; includeInIndex = 1; lastKnownFileType = text.xcconfig; name = "Pods-wirk.debug.xcconfig"; path = "Pods/Target Support Files/Pods-wirk/Pods-wirk.debug.xcconfig"; sourceTree = "<group>"; };
		700FDC8AE8A368A07260E4EA /* Pods_wirk.framework */ = {isa = PBXFileReference; explicitFileType = wrapper.framework; includeInIndex = 0; path = Pods_wirk.framework; sourceTree = BUILT_PRODUCTS_DIR; };
		A73A6D395CE2C4CB32FA160C /* Pods_wirkTests.framework */ = {isa = PBXFileReference; explicitFileType = wrapper.framework; includeInIndex = 0; path = Pods_wirkTests.framework; sourceTree = BUILT_PRODUCTS_DIR; };
		BD300917F86F39F38F68BD61 /* Pods-wirkTests.debug.xcconfig */ = {isa = PBXFileReference; includeInIndex = 1; lastKnownFileType = text.xcconfig; name = "Pods-wirkTests.debug.xcconfig"; path = "Pods/Target Support Files/Pods-wirkTests/Pods-wirkTests.debug.xcconfig"; sourceTree = "<group>"; };
		D85FB4ADFBF97FBC08A7B8E9 /* Pods-wirk.release.xcconfig */ = {isa = PBXFileReference; includeInIndex = 1; lastKnownFileType = text.xcconfig; name = "Pods-wirk.release.xcconfig"; path = "Pods/Target Support Files/Pods-wirk/Pods-wirk.release.xcconfig"; sourceTree = "<group>"; };
/* End PBXFileReference section */

/* Begin PBXFrameworksBuildPhase section */
		2BF209F11E4DC79700ACDFA0 /* Frameworks */ = {
			isa = PBXFrameworksBuildPhase;
			buildActionMask = 2147483647;
			files = (
				319E24358CF777C69B947A3A /* Pods_wirk.framework in Frameworks */,
			);
			runOnlyForDeploymentPostprocessing = 0;
		};
		2BF20A051E4DC79800ACDFA0 /* Frameworks */ = {
			isa = PBXFrameworksBuildPhase;
			buildActionMask = 2147483647;
			files = (
				E30082C0579D4D36EE0369EC /* Pods_wirkTests.framework in Frameworks */,
			);
			runOnlyForDeploymentPostprocessing = 0;
		};
/* End PBXFrameworksBuildPhase section */

/* Begin PBXGroup section */
		2BD608E01E556EA70010A028 /* Job */ = {
			isa = PBXGroup;
			children = (
				2BD608E11E556ECD0010A028 /* JobRegistrationController.swift */,
				2BD608E31E5573910010A028 /* JobRegistrationController+Handlers.swift */,
			);
			name = Job;
			sourceTree = "<group>";
		};
		2BF209EB1E4DC79700ACDFA0 = {
			isa = PBXGroup;
			children = (
				2BF209F61E4DC79700ACDFA0 /* wirk */,
				2BF20A0B1E4DC79800ACDFA0 /* wirkTests */,
				2BF209F51E4DC79700ACDFA0 /* Products */,
				E767344F7D4118C4B49E2819 /* Pods */,
				357B384DF435C62EDDA827A0 /* Frameworks */,
			);
			sourceTree = "<group>";
		};
		2BF209F51E4DC79700ACDFA0 /* Products */ = {
			isa = PBXGroup;
			children = (
				2BF209F41E4DC79700ACDFA0 /* wirk.app */,
				2BF20A081E4DC79800ACDFA0 /* wirkTests.xctest */,
			);
			name = Products;
			sourceTree = "<group>";
		};
		2BF209F61E4DC79700ACDFA0 /* wirk */ = {
			isa = PBXGroup;
			children = (
				2BF20A2B1E4E865F00ACDFA0 /* Helpers */,
				2BF20A271E4E56BD00ACDFA0 /* Views */,
				2BF20A281E4E56CB00ACDFA0 /* Controllers */,
				2BF20A1E1E4DC96300ACDFA0 /* Models */,
				2BF20A1B1E4DC8D700ACDFA0 /* Supporting Files */,
			);
			path = wirk;
			sourceTree = "<group>";
		};
		2BF20A0B1E4DC79800ACDFA0 /* wirkTests */ = {
			isa = PBXGroup;
			children = (
				2BF20A0E1E4DC79800ACDFA0 /* Info.plist */,
				2BF20A171E4DC7E000ACDFA0 /* CustomerTests.swift */,
				2BF20A231E4DD5D600ACDFA0 /* SettingsTest.swift */,
			);
			path = wirkTests;
			sourceTree = "<group>";
		};
		2BF20A1B1E4DC8D700ACDFA0 /* Supporting Files */ = {
			isa = PBXGroup;
			children = (
				2BF209F71E4DC79700ACDFA0 /* AppDelegate.swift */,
				2BF209FE1E4DC79700ACDFA0 /* Assets.xcassets */,
				2BF20A001E4DC79700ACDFA0 /* LaunchScreen.storyboard */,
				2BF20A031E4DC79700ACDFA0 /* Info.plist */,
				2BF20A341E4EFD3A00ACDFA0 /* GoogleService-Info.plist */,
			);
			name = "Supporting Files";
			sourceTree = "<group>";
		};
		2BF20A1E1E4DC96300ACDFA0 /* Models */ = {
			isa = PBXGroup;
			children = (
				2BF20A321E4EF44C00ACDFA0 /* User.swift */,
				2BF20A1C1E4DC95000ACDFA0 /* Customer.swift */,
				2BD608DE1E543F490010A028 /* Job.swift */,
			);
			name = Models;
			sourceTree = "<group>";
		};
		2BF20A271E4E56BD00ACDFA0 /* Views */ = {
			isa = PBXGroup;
			children = (
				2BF20A251E4E568A00ACDFA0 /* InputsContainerView.swift */,
				2B4461E11E501C600000BC34 /* BaseCell.swift */,
				2BD608DC1E543EC90010A028 /* JobCell.swift */,
				2B81831B1E5645C30047112F /* UICustomTextView.swift */,
			);
			name = Views;
			sourceTree = "<group>";
		};
		2BF20A281E4E56CB00ACDFA0 /* Controllers */ = {
			isa = PBXGroup;
			children = (
				2BF20A1F1E4DD14300ACDFA0 /* WirkTabBarController.swift */,
				2BF20A3A1E50071A00ACDFA0 /* LoginRegister */,
				2BF20A3B1E50072D00ACDFA0 /* Customer */,
				2BD608E01E556EA70010A028 /* Job */,
				2BF20A211E4DD24900ACDFA0 /* SettingsController.swift */,
			);
			name = Controllers;
			sourceTree = "<group>";
		};
		2BF20A2B1E4E865F00ACDFA0 /* Helpers */ = {
			isa = PBXGroup;
			children = (
				2BF20A2C1E4E866E00ACDFA0 /* Extensions.swift */,
				2BF20A2E1E4EE8F100ACDFA0 /* System.swift */,
			);
			name = Helpers;
			sourceTree = "<group>";
		};
		2BF20A3A1E50071A00ACDFA0 /* LoginRegister */ = {
			isa = PBXGroup;
			children = (
				2BF209F91E4DC79700ACDFA0 /* LoginRegisterController.swift */,
				2BF20A291E4E6EC600ACDFA0 /* LoginRegisterController+Handler.swift */,
			);
			name = LoginRegister;
			sourceTree = "<group>";
		};
		2BF20A3B1E50072D00ACDFA0 /* Customer */ = {
			isa = PBXGroup;
			children = (
				2BF20A381E5001F600ACDFA0 /* CustomerController.swift */,
				2BF20A361E50013C00ACDFA0 /* CustomerRegistrationController.swift */,
				2B4461E31E501F600000BC34 /* CustomerRegistrationController+Handler.swift */,
			);
			name = Customer;
			sourceTree = "<group>";
		};
		357B384DF435C62EDDA827A0 /* Frameworks */ = {
			isa = PBXGroup;
			children = (
				700FDC8AE8A368A07260E4EA /* Pods_wirk.framework */,
				A73A6D395CE2C4CB32FA160C /* Pods_wirkTests.framework */,
			);
			name = Frameworks;
			sourceTree = "<group>";
		};
		E767344F7D4118C4B49E2819 /* Pods */ = {
			isa = PBXGroup;
			children = (
				699834A6A298C6E5DC43C5BA /* Pods-wirk.debug.xcconfig */,
				D85FB4ADFBF97FBC08A7B8E9 /* Pods-wirk.release.xcconfig */,
				BD300917F86F39F38F68BD61 /* Pods-wirkTests.debug.xcconfig */,
				1E86105D9C277AF4B775160A /* Pods-wirkTests.release.xcconfig */,
			);
			name = Pods;
			sourceTree = "<group>";
		};
/* End PBXGroup section */

/* Begin PBXNativeTarget section */
		2BF209F31E4DC79700ACDFA0 /* wirk */ = {
			isa = PBXNativeTarget;
			buildConfigurationList = 2BF20A111E4DC79800ACDFA0 /* Build configuration list for PBXNativeTarget "wirk" */;
			buildPhases = (
				9E6BC7BCD913493281374339 /* [CP] Check Pods Manifest.lock */,
				2BF209F01E4DC79700ACDFA0 /* Sources */,
				2BF209F11E4DC79700ACDFA0 /* Frameworks */,
				2BF209F21E4DC79700ACDFA0 /* Resources */,
				AE2144AE0FB9CCE7F9C217E7 /* [CP] Embed Pods Frameworks */,
				2C42FB31D35A20995C5652AA /* [CP] Copy Pods Resources */,
			);
			buildRules = (
			);
			dependencies = (
			);
			name = wirk;
			productName = wirk;
			productReference = 2BF209F41E4DC79700ACDFA0 /* wirk.app */;
			productType = "com.apple.product-type.application";
		};
		2BF20A071E4DC79800ACDFA0 /* wirkTests */ = {
			isa = PBXNativeTarget;
			buildConfigurationList = 2BF20A141E4DC79800ACDFA0 /* Build configuration list for PBXNativeTarget "wirkTests" */;
			buildPhases = (
				5ECB5264DD6D66F2316A7D2C /* [CP] Check Pods Manifest.lock */,
				2BF20A041E4DC79800ACDFA0 /* Sources */,
				2BF20A051E4DC79800ACDFA0 /* Frameworks */,
				2BF20A061E4DC79800ACDFA0 /* Resources */,
				6488E883CEEB23E4FA48A47D /* [CP] Embed Pods Frameworks */,
				CD65ED4988233122CCAE3643 /* [CP] Copy Pods Resources */,
			);
			buildRules = (
			);
			dependencies = (
				2BF20A0A1E4DC79800ACDFA0 /* PBXTargetDependency */,
			);
			name = wirkTests;
			productName = wirkTests;
			productReference = 2BF20A081E4DC79800ACDFA0 /* wirkTests.xctest */;
			productType = "com.apple.product-type.bundle.unit-test";
		};
/* End PBXNativeTarget section */

/* Begin PBXProject section */
		2BF209EC1E4DC79700ACDFA0 /* Project object */ = {
			isa = PBXProject;
			attributes = {
				LastSwiftUpdateCheck = 0820;
				LastUpgradeCheck = 0820;
				ORGANIZATIONNAME = Edward;
				TargetAttributes = {
					2BF209F31E4DC79700ACDFA0 = {
						CreatedOnToolsVersion = 8.2.1;
						ProvisioningStyle = Automatic;
					};
					2BF20A071E4DC79800ACDFA0 = {
						CreatedOnToolsVersion = 8.2.1;
						LastSwiftMigration = 0820;
						ProvisioningStyle = Automatic;
						TestTargetID = 2BF209F31E4DC79700ACDFA0;
					};
				};
			};
			buildConfigurationList = 2BF209EF1E4DC79700ACDFA0 /* Build configuration list for PBXProject "wirk" */;
			compatibilityVersion = "Xcode 3.2";
			developmentRegion = English;
			hasScannedForEncodings = 0;
			knownRegions = (
				en,
				Base,
			);
			mainGroup = 2BF209EB1E4DC79700ACDFA0;
			productRefGroup = 2BF209F51E4DC79700ACDFA0 /* Products */;
			projectDirPath = "";
			projectRoot = "";
			targets = (
				2BF209F31E4DC79700ACDFA0 /* wirk */,
				2BF20A071E4DC79800ACDFA0 /* wirkTests */,
			);
		};
/* End PBXProject section */

/* Begin PBXResourcesBuildPhase section */
		2BF209F21E4DC79700ACDFA0 /* Resources */ = {
			isa = PBXResourcesBuildPhase;
			buildActionMask = 2147483647;
			files = (
				2BF20A021E4DC79700ACDFA0 /* LaunchScreen.storyboard in Resources */,
				2BF209FF1E4DC79700ACDFA0 /* Assets.xcassets in Resources */,
				2BF20A351E4EFD3A00ACDFA0 /* GoogleService-Info.plist in Resources */,
			);
			runOnlyForDeploymentPostprocessing = 0;
		};
		2BF20A061E4DC79800ACDFA0 /* Resources */ = {
			isa = PBXResourcesBuildPhase;
			buildActionMask = 2147483647;
			files = (
			);
			runOnlyForDeploymentPostprocessing = 0;
		};
/* End PBXResourcesBuildPhase section */

/* Begin PBXShellScriptBuildPhase section */
		2C42FB31D35A20995C5652AA /* [CP] Copy Pods Resources */ = {
			isa = PBXShellScriptBuildPhase;
			buildActionMask = 2147483647;
			files = (
			);
			inputPaths = (
			);
			name = "[CP] Copy Pods Resources";
			outputPaths = (
			);
			runOnlyForDeploymentPostprocessing = 0;
			shellPath = /bin/sh;
			shellScript = "\"${SRCROOT}/Pods/Target Support Files/Pods-wirk/Pods-wirk-resources.sh\"\n";
			showEnvVarsInLog = 0;
		};
		5ECB5264DD6D66F2316A7D2C /* [CP] Check Pods Manifest.lock */ = {
			isa = PBXShellScriptBuildPhase;
			buildActionMask = 2147483647;
			files = (
			);
			inputPaths = (
			);
			name = "[CP] Check Pods Manifest.lock";
			outputPaths = (
			);
			runOnlyForDeploymentPostprocessing = 0;
			shellPath = /bin/sh;
			shellScript = "diff \"${PODS_ROOT}/../Podfile.lock\" \"${PODS_ROOT}/Manifest.lock\" > /dev/null\nif [ $? != 0 ] ; then\n    # print error to STDERR\n    echo \"error: The sandbox is not in sync with the Podfile.lock. Run 'pod install' or update your CocoaPods installation.\" >&2\n    exit 1\nfi\n";
			showEnvVarsInLog = 0;
		};
		6488E883CEEB23E4FA48A47D /* [CP] Embed Pods Frameworks */ = {
			isa = PBXShellScriptBuildPhase;
			buildActionMask = 2147483647;
			files = (
			);
			inputPaths = (
			);
			name = "[CP] Embed Pods Frameworks";
			outputPaths = (
			);
			runOnlyForDeploymentPostprocessing = 0;
			shellPath = /bin/sh;
			shellScript = "\"${SRCROOT}/Pods/Target Support Files/Pods-wirkTests/Pods-wirkTests-frameworks.sh\"\n";
			showEnvVarsInLog = 0;
		};
		9E6BC7BCD913493281374339 /* [CP] Check Pods Manifest.lock */ = {
			isa = PBXShellScriptBuildPhase;
			buildActionMask = 2147483647;
			files = (
			);
			inputPaths = (
			);
			name = "[CP] Check Pods Manifest.lock";
			outputPaths = (
			);
			runOnlyForDeploymentPostprocessing = 0;
			shellPath = /bin/sh;
			shellScript = "diff \"${PODS_ROOT}/../Podfile.lock\" \"${PODS_ROOT}/Manifest.lock\" > /dev/null\nif [ $? != 0 ] ; then\n    # print error to STDERR\n    echo \"error: The sandbox is not in sync with the Podfile.lock. Run 'pod install' or update your CocoaPods installation.\" >&2\n    exit 1\nfi\n";
			showEnvVarsInLog = 0;
		};
		AE2144AE0FB9CCE7F9C217E7 /* [CP] Embed Pods Frameworks */ = {
			isa = PBXShellScriptBuildPhase;
			buildActionMask = 2147483647;
			files = (
			);
			inputPaths = (
			);
			name = "[CP] Embed Pods Frameworks";
			outputPaths = (
			);
			runOnlyForDeploymentPostprocessing = 0;
			shellPath = /bin/sh;
			shellScript = "\"${SRCROOT}/Pods/Target Support Files/Pods-wirk/Pods-wirk-frameworks.sh\"\n";
			showEnvVarsInLog = 0;
		};
		CD65ED4988233122CCAE3643 /* [CP] Copy Pods Resources */ = {
			isa = PBXShellScriptBuildPhase;
			buildActionMask = 2147483647;
			files = (
			);
			inputPaths = (
			);
			name = "[CP] Copy Pods Resources";
			outputPaths = (
			);
			runOnlyForDeploymentPostprocessing = 0;
			shellPath = /bin/sh;
			shellScript = "\"${SRCROOT}/Pods/Target Support Files/Pods-wirkTests/Pods-wirkTests-resources.sh\"\n";
			showEnvVarsInLog = 0;
		};
/* End PBXShellScriptBuildPhase section */

/* Begin PBXSourcesBuildPhase section */
		2BF209F01E4DC79700ACDFA0 /* Sources */ = {
			isa = PBXSourcesBuildPhase;
			buildActionMask = 2147483647;
			files = (
				2B81831C1E5645C30047112F /* UICustomTextView.swift in Sources */,
				2BF20A1D1E4DC95000ACDFA0 /* Customer.swift in Sources */,
				2BD608DD1E543EC90010A028 /* JobCell.swift in Sources */,
				2BF20A221E4DD24900ACDFA0 /* SettingsController.swift in Sources */,
				2BF209FA1E4DC79700ACDFA0 /* LoginRegisterController.swift in Sources */,
				2BF20A2D1E4E866E00ACDFA0 /* Extensions.swift in Sources */,
				2BF20A261E4E568A00ACDFA0 /* InputsContainerView.swift in Sources */,
				2BD608E21E556ECD0010A028 /* JobRegistrationController.swift in Sources */,
				2B4461E21E501C600000BC34 /* BaseCell.swift in Sources */,
				2BF20A391E5001F600ACDFA0 /* CustomerController.swift in Sources */,
				2BF20A201E4DD14300ACDFA0 /* WirkTabBarController.swift in Sources */,
				2BF20A2A1E4E6EC600ACDFA0 /* LoginRegisterController+Handler.swift in Sources */,
				2BF20A371E50013C00ACDFA0 /* CustomerRegistrationController.swift in Sources */,
				2BF20A2F1E4EE8F100ACDFA0 /* System.swift in Sources */,
				2BD608E41E5573910010A028 /* JobRegistrationController+Handlers.swift in Sources */,
				2BF20A331E4EF44C00ACDFA0 /* User.swift in Sources */,
				2BF209F81E4DC79700ACDFA0 /* AppDelegate.swift in Sources */,
				2B4461E41E501F600000BC34 /* CustomerRegistrationController+Handler.swift in Sources */,
				2BD608DF1E543F490010A028 /* Job.swift in Sources */,
			);
			runOnlyForDeploymentPostprocessing = 0;
		};
		2BF20A041E4DC79800ACDFA0 /* Sources */ = {
			isa = PBXSourcesBuildPhase;
			buildActionMask = 2147483647;
			files = (
				2BF20A241E4DD5D600ACDFA0 /* SettingsTest.swift in Sources */,
				2BF20A181E4DC7E000ACDFA0 /* CustomerTests.swift in Sources */,
			);
			runOnlyForDeploymentPostprocessing = 0;
		};
/* End PBXSourcesBuildPhase section */

/* Begin PBXTargetDependency section */
		2BF20A0A1E4DC79800ACDFA0 /* PBXTargetDependency */ = {
			isa = PBXTargetDependency;
			target = 2BF209F31E4DC79700ACDFA0 /* wirk */;
			targetProxy = 2BF20A091E4DC79800ACDFA0 /* PBXContainerItemProxy */;
		};
/* End PBXTargetDependency section */

/* Begin PBXVariantGroup section */
		2BF20A001E4DC79700ACDFA0 /* LaunchScreen.storyboard */ = {
			isa = PBXVariantGroup;
			children = (
				2BF20A011E4DC79700ACDFA0 /* Base */,
			);
			name = LaunchScreen.storyboard;
			sourceTree = "<group>";
		};
/* End PBXVariantGroup section */

/* Begin XCBuildConfiguration section */
		2BF20A0F1E4DC79800ACDFA0 /* Debug */ = {
			isa = XCBuildConfiguration;
			buildSettings = {
				ALWAYS_SEARCH_USER_PATHS = NO;
				CLANG_ANALYZER_NONNULL = YES;
				CLANG_CXX_LANGUAGE_STANDARD = "gnu++0x";
				CLANG_CXX_LIBRARY = "libc++";
				CLANG_ENABLE_MODULES = YES;
				CLANG_ENABLE_OBJC_ARC = YES;
				CLANG_WARN_BOOL_CONVERSION = YES;
				CLANG_WARN_CONSTANT_CONVERSION = YES;
				CLANG_WARN_DIRECT_OBJC_ISA_USAGE = YES_ERROR;
				CLANG_WARN_DOCUMENTATION_COMMENTS = YES;
				CLANG_WARN_EMPTY_BODY = YES;
				CLANG_WARN_ENUM_CONVERSION = YES;
				CLANG_WARN_INFINITE_RECURSION = YES;
				CLANG_WARN_INT_CONVERSION = YES;
				CLANG_WARN_OBJC_ROOT_CLASS = YES_ERROR;
				CLANG_WARN_SUSPICIOUS_MOVE = YES;
				CLANG_WARN_UNREACHABLE_CODE = YES;
				CLANG_WARN__DUPLICATE_METHOD_MATCH = YES;
				"CODE_SIGN_IDENTITY[sdk=iphoneos*]" = "iPhone Developer";
				COPY_PHASE_STRIP = NO;
				DEBUG_INFORMATION_FORMAT = dwarf;
				ENABLE_STRICT_OBJC_MSGSEND = YES;
				ENABLE_TESTABILITY = YES;
				GCC_C_LANGUAGE_STANDARD = gnu99;
				GCC_DYNAMIC_NO_PIC = NO;
				GCC_NO_COMMON_BLOCKS = YES;
				GCC_OPTIMIZATION_LEVEL = 0;
				GCC_PREPROCESSOR_DEFINITIONS = (
					"DEBUG=1",
					"$(inherited)",
				);
				GCC_WARN_64_TO_32_BIT_CONVERSION = YES;
				GCC_WARN_ABOUT_RETURN_TYPE = YES_ERROR;
				GCC_WARN_UNDECLARED_SELECTOR = YES;
				GCC_WARN_UNINITIALIZED_AUTOS = YES_AGGRESSIVE;
				GCC_WARN_UNUSED_FUNCTION = YES;
				GCC_WARN_UNUSED_VARIABLE = YES;
				IPHONEOS_DEPLOYMENT_TARGET = 10.2;
				MTL_ENABLE_DEBUG_INFO = YES;
				ONLY_ACTIVE_ARCH = YES;
				SDKROOT = iphoneos;
				SWIFT_ACTIVE_COMPILATION_CONDITIONS = DEBUG;
				SWIFT_OPTIMIZATION_LEVEL = "-Onone";
				TARGETED_DEVICE_FAMILY = "1,2";
			};
			name = Debug;
		};
		2BF20A101E4DC79800ACDFA0 /* Release */ = {
			isa = XCBuildConfiguration;
			buildSettings = {
				ALWAYS_SEARCH_USER_PATHS = NO;
				CLANG_ANALYZER_NONNULL = YES;
				CLANG_CXX_LANGUAGE_STANDARD = "gnu++0x";
				CLANG_CXX_LIBRARY = "libc++";
				CLANG_ENABLE_MODULES = YES;
				CLANG_ENABLE_OBJC_ARC = YES;
				CLANG_WARN_BOOL_CONVERSION = YES;
				CLANG_WARN_CONSTANT_CONVERSION = YES;
				CLANG_WARN_DIRECT_OBJC_ISA_USAGE = YES_ERROR;
				CLANG_WARN_DOCUMENTATION_COMMENTS = YES;
				CLANG_WARN_EMPTY_BODY = YES;
				CLANG_WARN_ENUM_CONVERSION = YES;
				CLANG_WARN_INFINITE_RECURSION = YES;
				CLANG_WARN_INT_CONVERSION = YES;
				CLANG_WARN_OBJC_ROOT_CLASS = YES_ERROR;
				CLANG_WARN_SUSPICIOUS_MOVE = YES;
				CLANG_WARN_UNREACHABLE_CODE = YES;
				CLANG_WARN__DUPLICATE_METHOD_MATCH = YES;
				"CODE_SIGN_IDENTITY[sdk=iphoneos*]" = "iPhone Developer";
				COPY_PHASE_STRIP = NO;
				DEBUG_INFORMATION_FORMAT = "dwarf-with-dsym";
				ENABLE_NS_ASSERTIONS = NO;
				ENABLE_STRICT_OBJC_MSGSEND = YES;
				GCC_C_LANGUAGE_STANDARD = gnu99;
				GCC_NO_COMMON_BLOCKS = YES;
				GCC_WARN_64_TO_32_BIT_CONVERSION = YES;
				GCC_WARN_ABOUT_RETURN_TYPE = YES_ERROR;
				GCC_WARN_UNDECLARED_SELECTOR = YES;
				GCC_WARN_UNINITIALIZED_AUTOS = YES_AGGRESSIVE;
				GCC_WARN_UNUSED_FUNCTION = YES;
				GCC_WARN_UNUSED_VARIABLE = YES;
				IPHONEOS_DEPLOYMENT_TARGET = 10.2;
				MTL_ENABLE_DEBUG_INFO = NO;
				SDKROOT = iphoneos;
				SWIFT_OPTIMIZATION_LEVEL = "-Owholemodule";
				TARGETED_DEVICE_FAMILY = "1,2";
				VALIDATE_PRODUCT = YES;
			};
			name = Release;
		};
		2BF20A121E4DC79800ACDFA0 /* Debug */ = {
			isa = XCBuildConfiguration;
			baseConfigurationReference = 699834A6A298C6E5DC43C5BA /* Pods-wirk.debug.xcconfig */;
			buildSettings = {
				ASSETCATALOG_COMPILER_APPICON_NAME = AppIcon;
				INFOPLIST_FILE = wirk/Info.plist;
				IPHONEOS_DEPLOYMENT_TARGET = 10.0;
				LD_RUNPATH_SEARCH_PATHS = "$(inherited) @executable_path/Frameworks";
				PRODUCT_BUNDLE_IDENTIFIER = com.sgedwardlim.wirk;
				PRODUCT_NAME = "$(TARGET_NAME)";
				SWIFT_VERSION = 3.0;
			};
			name = Debug;
		};
		2BF20A131E4DC79800ACDFA0 /* Release */ = {
			isa = XCBuildConfiguration;
			baseConfigurationReference = D85FB4ADFBF97FBC08A7B8E9 /* Pods-wirk.release.xcconfig */;
			buildSettings = {
				ASSETCATALOG_COMPILER_APPICON_NAME = AppIcon;
				INFOPLIST_FILE = wirk/Info.plist;
				IPHONEOS_DEPLOYMENT_TARGET = 10.0;
				LD_RUNPATH_SEARCH_PATHS = "$(inherited) @executable_path/Frameworks";
				PRODUCT_BUNDLE_IDENTIFIER = com.sgedwardlim.wirk;
				PRODUCT_NAME = "$(TARGET_NAME)";
				SWIFT_VERSION = 3.0;
			};
			name = Release;
		};
		2BF20A151E4DC79800ACDFA0 /* Debug */ = {
			isa = XCBuildConfiguration;
			baseConfigurationReference = BD300917F86F39F38F68BD61 /* Pods-wirkTests.debug.xcconfig */;
			buildSettings = {
				ALWAYS_EMBED_SWIFT_STANDARD_LIBRARIES = YES;
				BUNDLE_LOADER = "$(TEST_HOST)";
				CLANG_ENABLE_MODULES = YES;
				INFOPLIST_FILE = wirkTests/Info.plist;
				LD_RUNPATH_SEARCH_PATHS = "$(inherited) @executable_path/Frameworks @loader_path/Frameworks";
				PRODUCT_BUNDLE_IDENTIFIER = com.sgedwardlim.wirkTests;
				PRODUCT_NAME = "$(TARGET_NAME)";
				SWIFT_OPTIMIZATION_LEVEL = "-Onone";
				SWIFT_VERSION = 3.0;
				TEST_HOST = "$(BUILT_PRODUCTS_DIR)/wirk.app/wirk";
			};
			name = Debug;
		};
		2BF20A161E4DC79800ACDFA0 /* Release */ = {
			isa = XCBuildConfiguration;
			baseConfigurationReference = 1E86105D9C277AF4B775160A /* Pods-wirkTests.release.xcconfig */;
			buildSettings = {
				ALWAYS_EMBED_SWIFT_STANDARD_LIBRARIES = YES;
				BUNDLE_LOADER = "$(TEST_HOST)";
				CLANG_ENABLE_MODULES = YES;
				INFOPLIST_FILE = wirkTests/Info.plist;
				LD_RUNPATH_SEARCH_PATHS = "$(inherited) @executable_path/Frameworks @loader_path/Frameworks";
				PRODUCT_BUNDLE_IDENTIFIER = com.sgedwardlim.wirkTests;
				PRODUCT_NAME = "$(TARGET_NAME)";
				SWIFT_VERSION = 3.0;
				TEST_HOST = "$(BUILT_PRODUCTS_DIR)/wirk.app/wirk";
			};
			name = Release;
		};
/* End XCBuildConfiguration section */

/* Begin XCConfigurationList section */
		2BF209EF1E4DC79700ACDFA0 /* Build configuration list for PBXProject "wirk" */ = {
			isa = XCConfigurationList;
			buildConfigurations = (
				2BF20A0F1E4DC79800ACDFA0 /* Debug */,
				2BF20A101E4DC79800ACDFA0 /* Release */,
			);
			defaultConfigurationIsVisible = 0;
			defaultConfigurationName = Release;
		};
		2BF20A111E4DC79800ACDFA0 /* Build configuration list for PBXNativeTarget "wirk" */ = {
			isa = XCConfigurationList;
			buildConfigurations = (
				2BF20A121E4DC79800ACDFA0 /* Debug */,
				2BF20A131E4DC79800ACDFA0 /* Release */,
			);
			defaultConfigurationIsVisible = 0;
			defaultConfigurationName = Release;
		};
		2BF20A141E4DC79800ACDFA0 /* Build configuration list for PBXNativeTarget "wirkTests" */ = {
			isa = XCConfigurationList;
			buildConfigurations = (
				2BF20A151E4DC79800ACDFA0 /* Debug */,
				2BF20A161E4DC79800ACDFA0 /* Release */,
			);
			defaultConfigurationIsVisible = 0;
			defaultConfigurationName = Release;
		};
/* End XCConfigurationList section */
	};
	rootObject = 2BF209EC1E4DC79700ACDFA0 /* Project object */;
}
